// !$*UTF8*$!
{
	archiveVersion = 1;
	classes = {
	};
	objectVersion = 77;
	objects = {

/* Begin PBXBuildFile section */
		11F99DCF2FDE041400ADE55D /* WindowPaneApp.swift in Sources */ = {isa = PBXBuildFile; fileRef = 11F99DCE2FDE041400ADE55D /* WindowPaneApp.swift */; };
		11F99DDF2FDE05D100ADE55D /* AppDelegate.swift in Sources */ = {isa = PBXBuildFile; fileRef = 11F99DDE2FDE05CC00ADE55D /* AppDelegate.swift */; };
		11F99DE52FDE07AE00ADE55D /* WindowController.swift in Sources */ = {isa = PBXBuildFile; fileRef = 11F99DE02FDE05F400ADE55D /* WindowController.swift */; };
		11F99DE62FDE07D500ADE55D /* OverlayWindow.swift in Sources */ = {isa = PBXBuildFile; fileRef = 11F99DE12FDE060C00ADE55D /* OverlayWindow.swift */; };
		11F99DE72FDE07E000ADE55D /* CameraPermissionService.swift in Sources */ = {isa = PBXBuildFile; fileRef = 11F99DE32FDE063600ADE55D /* CameraPermissionService.swift */; };
		11F99DE82FDE07E800ADE55D /* CameraPreviewView.swift in Sources */ = {isa = PBXBuildFile; fileRef = 11F99DE22FDE062500ADE55D /* CameraPreviewView.swift */; };
		11F99DE92FDE07ED00ADE55D /* OverlayRootView.swift in Sources */ = {isa = PBXBuildFile; fileRef = 11F99DE42FDE064A00ADE55D /* OverlayRootView.swift */; };
		11F99DF02FDE090000ADE55D /* SettingsStore.swift in Sources */ = {isa = PBXBuildFile; fileRef = 11F99DED2FDE090000ADE55D /* SettingsStore.swift */; };
		11F99DF12FDE090000ADE55D /* SettingsView.swift in Sources */ = {isa = PBXBuildFile; fileRef = 11F99DEE2FDE090000ADE55D /* SettingsView.swift */; };
/* End PBXBuildFile section */

/* Begin PBXFileReference section */
		11F99DCB2FDE041400ADE55D /* WindowPane.app */ = {isa = PBXFileReference; explicitFileType = wrapper.application; includeInIndex = 0; path = WindowPane.app; sourceTree = BUILT_PRODUCTS_DIR; };
		11F99DCE2FDE041400ADE55D /* WindowPaneApp.swift */ = {isa = PBXFileReference; lastKnownFileType = sourcecode.swift; path = WindowPaneApp.swift; sourceTree = "<group>"; };
		11F99DDE2FDE05CC00ADE55D /* AppDelegate.swift */ = {isa = PBXFileReference; lastKnownFileType = sourcecode.swift; path = AppDelegate.swift; sourceTree = "<group>"; };
		11F99DE02FDE05F400ADE55D /* WindowController.swift */ = {isa = PBXFileReference; lastKnownFileType = sourcecode.swift; path = WindowController.swift; sourceTree = "<group>"; };
		11F99DE12FDE060C00ADE55D /* OverlayWindow.swift */ = {isa = PBXFileReference; lastKnownFileType = sourcecode.swift; path = OverlayWindow.swift; sourceTree = "<group>"; };
		11F99DE22FDE062500ADE55D /* CameraPreviewView.swift */ = {isa = PBXFileReference; lastKnownFileType = sourcecode.swift; path = CameraPreviewView.swift; sourceTree = "<group>"; };
		11F99DE32FDE063600ADE55D /* CameraPermissionService.swift */ = {isa = PBXFileReference; lastKnownFileType = sourcecode.swift; path = CameraPermissionService.swift; sourceTree = "<group>"; };
		11F99DE42FDE064A00ADE55D /* OverlayRootView.swift */ = {isa = PBXFileReference; lastKnownFileType = sourcecode.swift; path = OverlayRootView.swift; sourceTree = "<group>"; };
		11F99DED2FDE090000ADE55D /* SettingsStore.swift */ = {isa = PBXFileReference; lastKnownFileType = sourcecode.swift; path = SettingsStore.swift; sourceTree = "<group>"; };
		11F99DEE2FDE090000ADE55D /* SettingsView.swift */ = {isa = PBXFileReference; lastKnownFileType = sourcecode.swift; path = SettingsView.swift; sourceTree = "<group>"; };
/* End PBXFileReference section */

/* Begin PBXFileSystemSynchronizedRootGroup section */
		11F99DCD2FDE041400ADE55D /* WindowPane */ = {
			isa = PBXFileSystemSynchronizedRootGroup;
			path = WindowPane;
			sourceTree = "<group>";
		};
/* End PBXFileSystemSynchronizedRootGroup section */

/* Begin PBXFrameworksBuildPhase section */
		11F99DC82FDE041400ADE55D /* Frameworks */ = {
			isa = PBXFrameworksBuildPhase;
			buildActionMask = 2147483647;
			files = (
			);
			runOnlyForDeploymentPostprocessing = 0;
		};
/* End PBXFrameworksBuildPhase section */

/* Begin PBXGroup section */
		11F99DC22FDE041400ADE55D = {
			isa = PBXGroup;
			children = (
				11F99DCD2FDE041400ADE55D /* WindowPane */,
				11F99DD92FDE056900ADE55D /* App */,
				11F99DDB2FDE058900ADE55D /* Window */,
				11F99DDC2FDE059300ADE55D /* Camera */,
				11F99DDA2FDE057200ADE55D /* UI */,
				11F99DEC2FDE090000ADE55D /* Settings */,
				11F99DCC2FDE041400ADE55D /* Products */,
			);
			sourceTree = "<group>";
		};
		11F99DCC2FDE041400ADE55D /* Products */ = {
			isa = PBXGroup;
			children = (
				11F99DCB2FDE041400ADE55D /* WindowPane.app */,
			);
			name = Products;
			sourceTree = "<group>";
		};
		11F99DD92FDE056900ADE55D /* App */ = {
			isa = PBXGroup;
			children = (
				11F99DDE2FDE05CC00ADE55D /* AppDelegate.swift */,
				11F99DCE2FDE041400ADE55D /* WindowPaneApp.swift */,
			);
			path = App;
			sourceTree = "<group>";
		};
		11F99DDA2FDE057200ADE55D /* UI */ = {
			isa = PBXGroup;
			children = (
				11F99DE42FDE064A00ADE55D /* OverlayRootView.swift */,
			);
			path = UI;
			sourceTree = "<group>";
		};
		11F99DEC2FDE090000ADE55D /* Settings */ = {
			isa = PBXGroup;
			children = (
				11F99DED2FDE090000ADE55D /* SettingsStore.swift */,
				11F99DEE2FDE090000ADE55D /* SettingsView.swift */,
			);
			path = Settings;
			sourceTree = "<group>";
		};
		11F99DDB2FDE058900ADE55D /* Window */ = {
			isa = PBXGroup;
			children = (
				11F99DE12FDE060C00ADE55D /* OverlayWindow.swift */,
				11F99DE02FDE05F400ADE55D /* WindowController.swift */,
			);
			path = Window;
			sourceTree = "<group>";
		};
		11F99DDC2FDE059300ADE55D /* Camera */ = {
			isa = PBXGroup;
			children = (
				11F99DE32FDE063600ADE55D /* CameraPermissionService.swift */,
				11F99DE22FDE062500ADE55D /* CameraPreviewView.swift */,
			);
			path = Camera;
			sourceTree = "<group>";
		};
/* End PBXGroup section */

/* Begin PBXNativeTarget section */
		11F99DCA2FDE041400ADE55D /* WindowPane */ = {
			isa = PBXNativeTarget;
			buildConfigurationList = 11F99DD62FDE041500ADE55D /* Build configuration list for PBXNativeTarget "WindowPane" */;
			buildPhases = (
				11F99DC72FDE041400ADE55D /* Sources */,
				11F99DC82FDE041400ADE55D /* Frameworks */,
				11F99DC92FDE041400ADE55D /* Resources */,
			);
			buildRules = (
			);
			dependencies = (
			);
			fileSystemSynchronizedGroups = (
				11F99DCD2FDE041400ADE55D /* WindowPane */,
			);
			name = WindowPane;
			packageProductDependencies = (
			);
			productName = WindowPane;
			productReference = 11F99DCB2FDE041400ADE55D /* WindowPane.app */;
			productType = "com.apple.product-type.application";
		};
/* End PBXNativeTarget section */

/* Begin PBXProject section */
		11F99DC32FDE041400ADE55D /* Project object */ = {
			isa = PBXProject;
			attributes = {
				BuildIndependentTargetsInParallel = 1;
				LastSwiftUpdateCheck = 2650;
				LastUpgradeCheck = 2650;
				TargetAttributes = {
					11F99DCA2FDE041400ADE55D = {
						CreatedOnToolsVersion = 26.5;
					};
				};
			};
			buildConfigurationList = 11F99DC62FDE041400ADE55D /* Build configuration list for PBXProject "WindowPane" */;
			developmentRegion = en;
			hasScannedForEncodings = 0;
			knownRegions = (
				en,
				Base,
			);
			mainGroup = 11F99DC22FDE041400ADE55D;
			minimizedProjectReferenceProxies = 1;
			preferredProjectObjectVersion = 77;
			productRefGroup = 11F99DCC2FDE041400ADE55D /* Products */;
			projectDirPath = "";
			projectRoot = "";
			targets = (
				11F99DCA2FDE041400ADE55D /* WindowPane */,
			);
		};
/* End PBXProject section */

/* Begin PBXResourcesBuildPhase section */
		11F99DC92FDE041400ADE55D /* Resources */ = {
			isa = PBXResourcesBuildPhase;
			buildActionMask = 2147483647;
			files = (
			);
			runOnlyForDeploymentPostprocessing = 0;
		};
/* End PBXResourcesBuildPhase section */

/* Begin PBXSourcesBuildPhase section */
		11F99DC72FDE041400ADE55D /* Sources */ = {
			isa = PBXSourcesBuildPhase;
			buildActionMask = 2147483647;
			files = (
				11F99DE62FDE07D500ADE55D /* OverlayWindow.swift in Sources */,
				11F99DDF2FDE05D100ADE55D /* AppDelegate.swift in Sources */,
				11F99DE92FDE07ED00ADE55D /* OverlayRootView.swift in Sources */,
				11F99DF02FDE090000ADE55D /* SettingsStore.swift in Sources */,
				11F99DE82FDE07E800ADE55D /* CameraPreviewView.swift in Sources */,
				11F99DF12FDE090000ADE55D /* SettingsView.swift in Sources */,
				11F99DE52FDE07AE00ADE55D /* WindowController.swift in Sources */,
				11F99DE72FDE07E000ADE55D /* CameraPermissionService.swift in Sources */,
				11F99DCF2FDE041400ADE55D /* WindowPaneApp.swift in Sources */,
			);
			runOnlyForDeploymentPostprocessing = 0;
		};
/* End PBXSourcesBuildPhase section */

/* Begin XCBuildConfiguration section */
		11F99DD42FDE041500ADE55D /* Debug */ = {
			isa = XCBuildConfiguration;
			buildSettings = {
				ALWAYS_SEARCH_USER_PATHS = NO;
				ASSETCATALOG_COMPILER_GENERATE_SWIFT_ASSET_SYMBOL_EXTENSIONS = YES;
				CLANG_ANALYZER_NONNULL = YES;
				CLANG_ANALYZER_NUMBER_OBJECT_CONVERSION = YES_AGGRESSIVE;
				CLANG_CXX_LANGUAGE_STANDARD = "gnu++20";
				CLANG_ENABLE_MODULES = YES;
				CLANG_ENABLE_OBJC_ARC = YES;
				CLANG_ENABLE_OBJC_WEAK = YES;
				CLANG_WARN_BLOCK_CAPTURE_AUTORELEASING = YES;
				CLANG_WARN_BOOL_CONVERSION = YES;
				CLANG_WARN_COMMA = YES;
				CLANG_WARN_CONSTANT_CONVERSION = YES;
				CLANG_WARN_DEPRECATED_OBJC_IMPLEMENTATIONS = YES;
				CLANG_WARN_DIRECT_OBJC_ISA_USAGE = YES_ERROR;
				CLANG_WARN_DOCUMENTATION_COMMENTS = YES;
				CLANG_WARN_EMPTY_BODY = YES;
				CLANG_WARN_ENUM_CONVERSION = YES;
				CLANG_WARN_INFINITE_RECURSION = YES;
				CLANG_WARN_INT_CONVERSION = YES;
				CLANG_WARN_NON_LITERAL_NULL_CONVERSION = YES;
				CLANG_WARN_OBJC_IMPLICIT_RETAIN_SELF = YES;
				CLANG_WARN_OBJC_LITERAL_CONVERSION = YES;
				CLANG_WARN_OBJC_ROOT_CLASS = YES_ERROR;
				CLANG_WARN_QUOTED_INCLUDE_IN_FRAMEWORK_HEADER = YES;
				CLANG_WARN_RANGE_LOOP_ANALYSIS = YES;
				CLANG_WARN_STRICT_PROTOTYPES = YES;
				CLANG_WARN_SUSPICIOUS_MOVE = YES;
				CLANG_WARN_UNGUARDED_AVAILABILITY = YES_AGGRESSIVE;
				CLANG_WARN_UNREACHABLE_CODE = YES;
				CLANG_WARN__DUPLICATE_METHOD_MATCH = YES;
				COPY_PHASE_STRIP = NO;
				DEBUG_INFORMATION_FORMAT = dwarf;
				DEVELOPMENT_TEAM = ZC8SQZ6L5B;
				ENABLE_STRICT_OBJC_MSGSEND = YES;
				ENABLE_TESTABILITY = YES;
				ENABLE_USER_SCRIPT_SANDBOXING = YES;
				GCC_C_LANGUAGE_STANDARD = gnu17;
				GCC_DYNAMIC_NO_PIC = NO;
				GCC_NO_COMMON_BLOCKS = YES;
				GCC_OPTIMIZATION_LEVEL = 0;
				GCC_PREPROCESSOR_DEFINITIONS = (
					"DEBUG=1",
					"$(inherited)",
				);
				GCC_WARN_64_TO_32_BIT_CONVERSION = YES;
				GCC_WARN_ABOUT_RETURN_TYPE = YES_ERROR;
				GCC_WARN_UNDECLARED_SELECTOR = YES;
				GCC_WARN_UNINITIALIZED_AUTOS = YES_AGGRESSIVE;
				GCC_WARN_UNUSED_FUNCTION = YES;
				GCC_WARN_UNUSED_VARIABLE = YES;
				LOCALIZATION_PREFERS_STRING_CATALOGS = YES;
				MACOSX_DEPLOYMENT_TARGET = 26.4;
				MTL_ENABLE_DEBUG_INFO = INCLUDE_SOURCE;
				MTL_FAST_MATH = YES;
				ONLY_ACTIVE_ARCH = YES;
				SDKROOT = macosx;
				SWIFT_ACTIVE_COMPILATION_CONDITIONS = "DEBUG $(inherited)";
				SWIFT_OPTIMIZATION_LEVEL = "-Onone";
			};
			name = Debug;
		};
		11F99DD52FDE041500ADE55D /* Release */ = {
			isa = XCBuildConfiguration;
			buildSettings = {
				ALWAYS_SEARCH_USER_PATHS = NO;
				ASSETCATALOG_COMPILER_GENERATE_SWIFT_ASSET_SYMBOL_EXTENSIONS = YES;
				CLANG_ANALYZER_NONNULL = YES;
				CLANG_ANALYZER_NUMBER_OBJECT_CONVERSION = YES_AGGRESSIVE;
				CLANG_CXX_LANGUAGE_STANDARD = "gnu++20";
				CLANG_ENABLE_MODULES = YES;
				CLANG_ENABLE_OBJC_ARC = YES;
				CLANG_ENABLE_OBJC_WEAK = YES;
				CLANG_WARN_BLOCK_CAPTURE_AUTORELEASING = YES;
				CLANG_WARN_BOOL_CONVERSION = YES;
				CLANG_WARN_COMMA = YES;
				CLANG_WARN_CONSTANT_CONVERSION = YES;
				CLANG_WARN_DEPRECATED_OBJC_IMPLEMENTATIONS = YES;
				CLANG_WARN_DIRECT_OBJC_ISA_USAGE = YES_ERROR;
				CLANG_WARN_DOCUMENTATION_COMMENTS = YES;
				CLANG_WARN_EMPTY_BODY = YES;
				CLANG_WARN_ENUM_CONVERSION = YES;
				CLANG_WARN_INFINITE_RECURSION = YES;
				CLANG_WARN_INT_CONVERSION = YES;
				CLANG_WARN_NON_LITERAL_NULL_CONVERSION = YES;
				CLANG_WARN_OBJC_IMPLICIT_RETAIN_SELF = YES;
				CLANG_WARN_OBJC_LITERAL_CONVERSION = YES;
				CLANG_WARN_OBJC_ROOT_CLASS = YES_ERROR;
				CLANG_WARN_QUOTED_INCLUDE_IN_FRAMEWORK_HEADER = YES;
				CLANG_WARN_RANGE_LOOP_ANALYSIS = YES;
				CLANG_WARN_STRICT_PROTOTYPES = YES;
				CLANG_WARN_SUSPICIOUS_MOVE = YES;
				CLANG_WARN_UNGUARDED_AVAILABILITY = YES_AGGRESSIVE;
				CLANG_WARN_UNREACHABLE_CODE = YES;
				CLANG_WARN__DUPLICATE_METHOD_MATCH = YES;
				COPY_PHASE_STRIP = NO;
				DEBUG_INFORMATION_FORMAT = "dwarf-with-dsym";
				DEVELOPMENT_TEAM = ZC8SQZ6L5B;
				ENABLE_NS_ASSERTIONS = NO;
				ENABLE_STRICT_OBJC_MSGSEND = YES;
				ENABLE_USER_SCRIPT_SANDBOXING = YES;
				GCC_C_LANGUAGE_STANDARD = gnu17;
				GCC_NO_COMMON_BLOCKS = YES;
				GCC_WARN_64_TO_32_BIT_CONVERSION = YES;
				GCC_WARN_ABOUT_RETURN_TYPE = YES_ERROR;
				GCC_WARN_UNDECLARED_SELECTOR = YES;
				GCC_WARN_UNINITIALIZED_AUTOS = YES_AGGRESSIVE;
				GCC_WARN_UNUSED_FUNCTION = YES;
				GCC_WARN_UNUSED_VARIABLE = YES;
				LOCALIZATION_PREFERS_STRING_CATALOGS = YES;
				MACOSX_DEPLOYMENT_TARGET = 26.4;
				MTL_ENABLE_DEBUG_INFO = NO;
				MTL_FAST_MATH = YES;
				SDKROOT = macosx;
				SWIFT_COMPILATION_MODE = wholemodule;
			};
			name = Release;
		};
		11F99DD72FDE041500ADE55D /* Debug */ = {
			isa = XCBuildConfiguration;
			buildSettings = {
				ASSETCATALOG_COMPILER_APPICON_NAME = AppIcon;
				ASSETCATALOG_COMPILER_GLOBAL_ACCENT_COLOR_NAME = AccentColor;
				CODE_SIGN_STYLE = Automatic;
				COMBINE_HIDPI_IMAGES = YES;
				CURRENT_PROJECT_VERSION = 1;
				DEVELOPMENT_TEAM = ZC8SQZ6L5B;
				ENABLE_APP_SANDBOX = YES;
				ENABLE_HARDENED_RUNTIME = YES;
				ENABLE_INCOMING_NETWORK_CONNECTIONS = NO;
				ENABLE_OUTGOING_NETWORK_CONNECTIONS = NO;
				ENABLE_PREVIEWS = YES;
				ENABLE_RESOURCE_ACCESS_AUDIO_INPUT = NO;
				ENABLE_RESOURCE_ACCESS_BLUETOOTH = NO;
				ENABLE_RESOURCE_ACCESS_CALENDARS = NO;
				ENABLE_RESOURCE_ACCESS_CAMERA = YES;
				ENABLE_RESOURCE_ACCESS_CONTACTS = NO;
				ENABLE_RESOURCE_ACCESS_LOCATION = NO;
				ENABLE_RESOURCE_ACCESS_PRINTING = NO;
				ENABLE_RESOURCE_ACCESS_USB = NO;
				ENABLE_USER_SELECTED_FILES = readonly;
				GENERATE_INFOPLIST_FILE = YES;
				INFOPLIST_KEY_LSUIElement = YES;
				INFOPLIST_KEY_NSCameraUsageDescription = "Windowpane uses the camera to show your face in a floating overlay during screen recordings.";
				INFOPLIST_KEY_NSHumanReadableCopyright = "";
				LD_RUNPATH_SEARCH_PATHS = (
					"$(inherited)",
					"@executable_path/../Frameworks",
				);
				MARKETING_VERSION = 1.0;
				PRODUCT_BUNDLE_IDENTIFIER = com.brooksdubois.WindowPane;
				PRODUCT_NAME = "$(TARGET_NAME)";
				REGISTER_APP_GROUPS = YES;
				STRING_CATALOG_GENERATE_SYMBOLS = YES;
				SWIFT_APPROACHABLE_CONCURRENCY = YES;
				SWIFT_DEFAULT_ACTOR_ISOLATION = MainActor;
				SWIFT_EMIT_LOC_STRINGS = YES;
				SWIFT_UPCOMING_FEATURE_MEMBER_IMPORT_VISIBILITY = YES;
				SWIFT_VERSION = 5.0;
			};
			name = Debug;
		};
		11F99DD82FDE041500ADE55D /* Release */ = {
			isa = XCBuildConfiguration;
			buildSettings = {
				ASSETCATALOG_COMPILER_APPICON_NAME = AppIcon;
				ASSETCATALOG_COMPILER_GLOBAL_ACCENT_COLOR_NAME = AccentColor;
				CODE_SIGN_STYLE = Automatic;
				COMBINE_HIDPI_IMAGES = YES;
				CURRENT_PROJECT_VERSION = 1;
				DEVELOPMENT_TEAM = ZC8SQZ6L5B;
				ENABLE_APP_SANDBOX = YES;
				ENABLE_HARDENED_RUNTIME = YES;
				ENABLE_INCOMING_NETWORK_CONNECTIONS = NO;
				ENABLE_OUTGOING_NETWORK_CONNECTIONS = NO;
				ENABLE_PREVIEWS = YES;
				ENABLE_RESOURCE_ACCESS_AUDIO_INPUT = NO;
				ENABLE_RESOURCE_ACCESS_BLUETOOTH = NO;
				ENABLE_RESOURCE_ACCESS_CALENDARS = NO;
				ENABLE_RESOURCE_ACCESS_CAMERA = YES;
				ENABLE_RESOURCE_ACCESS_CONTACTS = NO;
				ENABLE_RESOURCE_ACCESS_LOCATION = NO;
				ENABLE_RESOURCE_ACCESS_PRINTING = NO;
				ENABLE_RESOURCE_ACCESS_USB = NO;
				ENABLE_USER_SELECTED_FILES = readonly;
				GENERATE_INFOPLIST_FILE = YES;
				INFOPLIST_KEY_LSUIElement = YES;
				INFOPLIST_KEY_NSCameraUsageDescription = "Windowpane uses the camera to show your face in a floating overlay during screen recordings.";
				INFOPLIST_KEY_NSHumanReadableCopyright = "";
				LD_RUNPATH_SEARCH_PATHS = (
					"$(inherited)",
					"@executable_path/../Frameworks",
				);
				MARKETING_VERSION = 1.0;
				PRODUCT_BUNDLE_IDENTIFIER = com.brooksdubois.WindowPane;
				PRODUCT_NAME = "$(TARGET_NAME)";
				REGISTER_APP_GROUPS = YES;
				STRING_CATALOG_GENERATE_SYMBOLS = YES;
				SWIFT_APPROACHABLE_CONCURRENCY = YES;
				SWIFT_DEFAULT_ACTOR_ISOLATION = MainActor;
				SWIFT_EMIT_LOC_STRINGS = YES;
				SWIFT_UPCOMING_FEATURE_MEMBER_IMPORT_VISIBILITY = YES;
				SWIFT_VERSION = 5.0;
			};
			name = Release;
		};
/* End XCBuildConfiguration section */

/* Begin XCConfigurationList section */
		11F99DC62FDE041400ADE55D /* Build configuration list for PBXProject "WindowPane" */ = {
			isa = XCConfigurationList;
			buildConfigurations = (
				11F99DD42FDE041500ADE55D /* Debug */,
				11F99DD52FDE041500ADE55D /* Release */,
			);
			defaultConfigurationIsVisible = 0;
			defaultConfigurationName = Release;
		};
		11F99DD62FDE041500ADE55D /* Build configuration list for PBXNativeTarget "WindowPane" */ = {
			isa = XCConfigurationList;
			buildConfigurations = (
				11F99DD72FDE041500ADE55D /* Debug */,
				11F99DD82FDE041500ADE55D /* Release */,
			);
			defaultConfigurationIsVisible = 0;
			defaultConfigurationName = Release;
		};
/* End XCConfigurationList section */
	};
	rootObject = 11F99DC32FDE041400ADE55D /* Project object */;
}
